<?xml version="1.0" encoding="utf-8"?>
<Project ToolsVersion="4.0" xmlns="http://schemas.microsoft.com/developer/msbuild/2003">
  <ItemGroup>
    <Filter Include="Source Files">
      <UniqueIdentifier>{4FC737F1-C7A5-4376-A066-2A32D752A2FF}</UniqueIdentifier>
      <Extensions>cpp;c;cc;cxx;def;odl;idl;hpj;bat;asm;asmx</Extensions>
    </Filter>
    <Filter Include="Header Files">
      <UniqueIdentifier>{93995380-89BD-4b04-88EB-625FBE52EBFB}</UniqueIdentifier>
      <Extensions>h;hh;hpp;hxx;hm;inl;inc;ipp;xsd</Extensions>
    </Filter>
    <Filter Include="Resource Files">
      <UniqueIdentifier>{67DA6AB6-F800-4c08-8B7A-83BB121AAD01}</UniqueIdentifier>
      <Extensions>rc;ico;cur;bmp;dlg;rc2;rct;bin;rgs;gif;jpg;jpeg;jpe;resx;tiff;tif;png;wav;mfcribbon-ms</Extensions>
    </Filter>
    <Filter Include="Header Files\Animation">
      <UniqueIdentifier>{3f57d6a2-6821-4e89-a855-ca738627b0c2}</UniqueIdentifier>
    </Filter>
    <Filter Include="Header Files\Animation\Animator">
      <UniqueIdentifier>{67af156c-486c-4f4b-b65b-730fc5c3c208}</UniqueIdentifier>
    </Filter>
    <Filter Include="Header Files\Animation\AnimationTypes">
      <UniqueIdentifier>{f7ceebc3-4a68-4c92-afc6-d9365e443a94}</UniqueIdentifier>
    </Filter>
    <Filter Include="Header Files\Animation\AnimationFilms">
      <UniqueIdentifier>{29b0c260-fbf4-454b-afe9-744908a99b38}</UniqueIdentifier>
    </Filter>
    <Filter Include="Source Files\Animation">
      <UniqueIdentifier>{f101561a-bbfd-4266-8a41-da43a0aea8ba}</UniqueIdentifier>
    </Filter>
    <Filter Include="Source Files\Animation\Animator">
      <UniqueIdentifier>{c6ab03d3-d322-4673-b76b-5b7c9d000d24}</UniqueIdentifier>
    </Filter>
    <Filter Include="Source Files\Animation\AnimationFilms">
      <UniqueIdentifier>{91ccd787-6755-493c-b436-2425eff7cda6}</UniqueIdentifier>
    </Filter>
    <Filter Include="Source Files\Configuration">
      <UniqueIdentifier>{8c4561b0-d788-4724-bcda-2d5b201e7bbd}</UniqueIdentifier>
    </Filter>
    <Filter Include="Header Files\Configuration">
      <UniqueIdentifier>{c0e2af73-eef5-4cb7-93c8-a1422455aa07}</UniqueIdentifier>
    </Filter>
    <Filter Include="Header Files\Configuration\JSONParser">
      <UniqueIdentifier>{647a4935-5506-4037-888f-7eeace840686}</UniqueIdentifier>
    </Filter>
    <Filter Include="Source Files\Configuration\JSONParser">
      <UniqueIdentifier>{20248a3e-3498-446f-9824-7fc488c92a26}</UniqueIdentifier>
    </Filter>
    <Filter Include="Header Files\SoundEngine">
      <UniqueIdentifier>{92f01820-5901-4dc8-8503-64e3f134daea}</UniqueIdentifier>
    </Filter>
    <Filter Include="Source Files\SoundEngine">
      <UniqueIdentifier>{b55a9fe7-22a2-4026-8e15-9e034b5b1650}</UniqueIdentifier>
    </Filter>
    <Filter Include="Source Files\LayerRendered">
      <UniqueIdentifier>{65a8f573-aee1-45aa-a213-01fccb6b37f2}</UniqueIdentifier>
    </Filter>
    <Filter Include="Header Files\LayerRenderer">
      <UniqueIdentifier>{622ff677-c8a5-49c2-893d-931c5d35c1b5}</UniqueIdentifier>
    </Filter>
    <Filter Include="Header Files\Fighter">
      <UniqueIdentifier>{b3ec750d-8008-4129-8860-09d719f9b4c2}</UniqueIdentifier>
    </Filter>
    <Filter Include="Source Files\Fighter">
      <UniqueIdentifier>{ca5d2401-8c0a-4fa5-a869-18acf4cdbcec}</UniqueIdentifier>
    </Filter>
    <Filter Include="Header Files\InputManager">
      <UniqueIdentifier>{ad75a8db-3b09-4966-a44e-1a34b100e8c9}</UniqueIdentifier>
    </Filter>
    <Filter Include="Header Files\Arena">
      <UniqueIdentifier>{8a1b65be-8128-42e4-9c4b-455255e74b79}</UniqueIdentifier>
    </Filter>
    <Filter Include="Source Files\Arena">
      <UniqueIdentifier>{13fc2179-f64c-48fb-8cf0-15a2f38bfb28}</UniqueIdentifier>
    </Filter>
    <Filter Include="Header Files\StateTransition">
      <UniqueIdentifier>{c50eff30-c509-4e0f-8e2c-fff9f8f688bd}</UniqueIdentifier>
    </Filter>
    <Filter Include="Source Files\StateTransition">
      <UniqueIdentifier>{ff23b46b-d8cb-46b3-9314-5faec73aa1ed}</UniqueIdentifier>
    </Filter>
    <Filter Include="Header Files\UI">
      <UniqueIdentifier>{d5afdf91-43ac-43b0-bc7d-ccaa83e8a376}</UniqueIdentifier>
    </Filter>
    <Filter Include="Source Files\UI">
      <UniqueIdentifier>{0f530741-fbfb-4069-a76e-c8b306e0a07d}</UniqueIdentifier>
    </Filter>
  </ItemGroup>
  <ItemGroup>
    <ClCompile Include="Animator\Animator\Animator.cpp">
      <Filter>Source Files\Animation\Animator</Filter>
    </ClCompile>
    <ClCompile Include="Animator\Animator\MovingAnimator.cpp">
      <Filter>Source Files\Animation\Animator</Filter>
    </ClCompile>
    <ClCompile Include="Animator\Animator\FrameRangeAnimator.cpp">
      <Filter>Source Files\Animation\Animator</Filter>
    </ClCompile>
    <ClCompile Include="Animator\Sprites\Sprite\Sprite.cpp">
      <Filter>Source Files\Animation\AnimationFilms</Filter>
    </ClCompile>
    <ClCompile Include="Animator\Sprites\AnimationFilms\AnimationFilm.cpp">
      <Filter>Source Files\Animation\AnimationFilms</Filter>
    </ClCompile>
    <ClCompile Include="Configuration\JSONParser\jsoncpp.cpp">
      <Filter>Source Files\Configuration\JSONParser</Filter>
    </ClCompile>
    <ClCompile Include="Configuration\ConfigAPI.cpp">
      <Filter>Source Files\Configuration</Filter>
    </ClCompile>
    <ClCompile Include="Configuration\ConfigAPIs.cpp">
      <Filter>Source Files\Configuration</Filter>
    </ClCompile>
    <ClCompile Include="SoundEngine\SoundEngine.cpp">
      <Filter>Source Files\SoundEngine</Filter>
    </ClCompile>
    <ClCompile Include="Main.cpp">
      <Filter>Source Files</Filter>
    </ClCompile>
    <ClCompile Include="LayerRenderer\LayerRenderer.cpp">
      <Filter>Source Files\LayerRendered</Filter>
    </ClCompile>
    <ClCompile Include="Fighter\Fighter.cpp">
      <Filter>Source Files\Fighter</Filter>
    </ClCompile>
    <ClCompile Include="Arena\Arena.cpp">
      <Filter>Source Files\Arena</Filter>
    </ClCompile>
    <ClCompile Include="UI\UIManager.cpp">
      <Filter>Source Files\UI</Filter>
    </ClCompile>
    <ClCompile Include="UI\UICanvas.cpp">
      <Filter>Source Files\UI</Filter>
    </ClCompile>
    <ClCompile Include="UI\BattleUI.cpp">
      <Filter>Source Files\UI</Filter>
    </ClCompile>
    <ClCompile Include="Animator\Animator\AnimatorHolder.cpp">
      <Filter>Source Files\Animation\Animator</Filter>
    </ClCompile>
  </ItemGroup>
  <ItemGroup>
    <ClInclude Include="Animator\AnimationTypes\Animation.h">
      <Filter>Header Files\Animation\AnimationTypes</Filter>
    </ClInclude>
    <ClInclude Include="Animator\AnimationTypes\FlashingAnimation.h">
      <Filter>Header Files\Animation\AnimationTypes</Filter>
    </ClInclude>
    <ClInclude Include="Animator\AnimationTypes\FrameListAnimation.h">
      <Filter>Header Files\Animation\AnimationTypes</Filter>
    </ClInclude>
    <ClInclude Include="Animator\AnimationTypes\FrameRangeAnimation.h">
      <Filter>Header Files\Animation\AnimationTypes</Filter>
    </ClInclude>
    <ClInclude Include="Animator\AnimationTypes\MovingAnimation.h">
      <Filter>Header Files\Animation\AnimationTypes</Filter>
    </ClInclude>
    <ClInclude Include="Animator\AnimationTypes\MovingPathAnimation.h">
      <Filter>Header Files\Animation\AnimationTypes</Filter>
    </ClInclude>
    <ClInclude Include="Animator\AnimationTypes\ScrollAnimation.h">
      <Filter>Header Files\Animation\AnimationTypes</Filter>
    </ClInclude>
    <ClInclude Include="Animator\Animator\Animator.h">
      <Filter>Header Files\Animation\Animator</Filter>
    </ClInclude>
    <ClInclude Include="Animator\Animator\MovingAnimator.h">
      <Filter>Header Files\Animation\Animator</Filter>
    </ClInclude>
    <ClInclude Include="Animator\Sprites\AnimationFilms\AnimationFilm.h">
      <Filter>Header Files\Animation\AnimationFilms</Filter>
    </ClInclude>
    <ClInclude Include="Animator\SDL_Helper.h">
      <Filter>Header Files\Animation</Filter>
    </ClInclude>
    <ClInclude Include="Animator\Sprites\AnimationFilms\AnimationFilmHolder.h">
      <Filter>Header Files\Animation\AnimationFilms</Filter>
    </ClInclude>
    <ClInclude Include="Animator\Sprites\AnimationFilms\BitmapLoader.h">
      <Filter>Header Files\Animation\AnimationFilms</Filter>
    </ClInclude>
    <ClInclude Include="Animator\Sprites\Sprite\Sprite.h">
      <Filter>Header Files\Animation\AnimationFilms</Filter>
    </ClInclude>
    <ClInclude Include="Animator\Sprites\Sprite\SpritesHolder.h">
      <Filter>Header Files\Animation\AnimationFilms</Filter>
    </ClInclude>
    <ClInclude Include="Animator\Animator\FrameRangeAnimator.h">
      <Filter>Header Files\Animation\Animator</Filter>
    </ClInclude>
    <ClInclude Include="Animator\Animator\AnimatorHolder.h">
      <Filter>Header Files\Animation\Animator</Filter>
    </ClInclude>
    <ClInclude Include="Configuration\JSONParser\json\json.h">
      <Filter>Header Files\Configuration\JSONParser</Filter>
    </ClInclude>
    <ClInclude Include="Configuration\JSONParser\json\json-forwards.h">
      <Filter>Header Files\Configuration\JSONParser</Filter>
    </ClInclude>
    <ClInclude Include="Configuration\ConfigAPI.h">
      <Filter>Header Files\Configuration</Filter>
    </ClInclude>
    <ClInclude Include="Configuration\ConfigData.h">
      <Filter>Header Files\Configuration</Filter>
    </ClInclude>
    <ClInclude Include="Configuration\ConfigAPIs.h">
      <Filter>Header Files\Configuration</Filter>
    </ClInclude>
    <ClInclude Include="SoundEngine\SoundEngine.h">
      <Filter>Header Files\SoundEngine</Filter>
    </ClInclude>
    <ClInclude Include="LayerRenderer\LayerRenderer.h">
      <Filter>Header Files\LayerRenderer</Filter>
    </ClInclude>
    <ClInclude Include="Fighter\Fighter.h">
      <Filter>Header Files\Fighter</Filter>
    </ClInclude>
    <ClInclude Include="Source.h">
      <Filter>Header Files</Filter>
    </ClInclude>
    <ClInclude Include="InputManager\InputManager.h">
      <Filter>Header Files\InputManager</Filter>
    </ClInclude>
    <ClInclude Include="Arena.h">
      <Filter>Header Files\Arena</Filter>
    </ClInclude>
    <ClInclude Include="StateTransition\StateTransition.h">
      <Filter>Header Files\StateTransition</Filter>
    </ClInclude>
    <ClInclude Include="UI\UICanvas.h">
      <Filter>Header Files\UI</Filter>
    </ClInclude>
    <ClInclude Include="UI\UIManager.h">
      <Filter>Header Files\UI</Filter>
    </ClInclude>
    <ClInclude Include="UI\BattleUI.h">
      <Filter>Header Files\UI</Filter>
    </ClInclude>
  </ItemGroup>
</Project>